
Microsoft Visual Studio Solution File, Format Version 12.00
# Visual Studio Version 17
VisualStudioVersion = 17.0.31903.59
MinimumVisualStudioVersion = 10.0.40219.1
Project("{2150E333-8FDC-42A3-9474-1A3956D46DE8}") = "src", "src", "{848E569F-346D-4493-8F9B-55B88532C6A8}"
EndProject
Project("{FAE04EC0-301F-11D3-BF4B-00C04F79EFBC}") = "Examples.Designs.Tests", "src\Examples.Design.Tests\Examples.Designs.Tests.csproj", "{D0FA8530-7C60-494D-ADF6-9174DF403A18}"
EndProject
Project("{FAE04EC0-301F-11D3-BF4B-00C04F79EFBC}") = "Examples.Design.Anderson.Tests", "src\Examples.Design.Anderson.Tests\Examples.Design.Anderson.Tests.csproj", "{8E8C65F0-41EC-41A6-8A18-1F6A794501F7}"
EndProject
Project("{FAE04EC0-301F-11D3-BF4B-00C04F79EFBC}") = "Examples.Design.Evans.Tests", "src\Examples.Design.Evans.Tests\Examples.Design.Evans.Tests.csproj", "{F9521330-6DE3-4A58-B9C4-5C707F7308C4}"
EndProject
Project("{FAE04EC0-301F-11D3-BF4B-00C04F79EFBC}") = "Examples.Design.Fowler.Tests", "src\Examples.Design.Fowler.Tests\Examples.Design.Fowler.Tests.csproj", "{3DDE005D-12BB-4712-8484-00F570CAFB5D}"
EndProject
Project("{FAE04EC0-301F-11D3-BF4B-00C04F79EFBC}") = "Examples.Design.Gof.Tests", "src\Examples.Design.Gof.Tests\Examples.Design.Gof.Tests.csproj", "{153179D7-6292-4F4D-87E7-8B15C85E4AF5}"
EndProject
Project("{FAE04EC0-301F-11D3-BF4B-00C04F79EFBC}") = "Examples.Design.Microsoft.Tests", "src\Examples.Design.Microsoft.Tests\Examples.Design.Microsoft.Tests.csproj", "{D236F35B-A11C-4045-83A1-2B58D8FBF9B6}"
EndProject
Project("{FAE04EC0-301F-11D3-BF4B-00C04F79EFBC}") = "Examples.Design.Vernon.Tests", "src\Examples.Design.Vernon.Tests\Examples.Design.Vernon.Tests.csproj", "{F08B58A7-0818-41CC-BE88-98BB7C7A6C3D}"
EndProject
Global
	GlobalSection(SolutionConfigurationPlatforms) = preSolution
		Debug|Any CPU = Debug|Any CPU
		Release|Any CPU = Release|Any CPU
	EndGlobalSection
	GlobalSection(SolutionProperties) = preSolution
		HideSolutionNode = FALSE
	EndGlobalSection
	GlobalSection(ProjectConfigurationPlatforms) = postSolution
		{D0FA8530-7C60-494D-ADF6-9174DF403A18}.Debug|Any CPU.ActiveCfg = Debug|Any CPU
		{D0FA8530-7C60-494D-ADF6-9174DF403A18}.Debug|Any CPU.Build.0 = Debug|Any CPU
		{D0FA8530-7C60-494D-ADF6-9174DF403A18}.Release|Any CPU.ActiveCfg = Release|Any CPU
		{D0FA8530-7C60-494D-ADF6-9174DF403A18}.Release|Any CPU.Build.0 = Release|Any CPU
		{8E8C65F0-41EC-41A6-8A18-1F6A794501F7}.Debug|Any CPU.ActiveCfg = Debug|Any CPU
		{8E8C65F0-41EC-41A6-8A18-1F6A794501F7}.Debug|Any CPU.Build.0 = Debug|Any CPU
		{8E8C65F0-41EC-41A6-8A18-1F6A794501F7}.Release|Any CPU.ActiveCfg = Release|Any CPU
		{8E8C65F0-41EC-41A6-8A18-1F6A794501F7}.Release|Any CPU.Build.0 = Release|Any CPU
		{F9521330-6DE3-4A58-B9C4-5C707F7308C4}.Debug|Any CPU.ActiveCfg = Debug|Any CPU
		{F9521330-6DE3-4A58-B9C4-5C707F7308C4}.Debug|Any CPU.Build.0 = Debug|Any CPU
		{F9521330-6DE3-4A58-B9C4-5C707F7308C4}.Release|Any CPU.ActiveCfg = Release|Any CPU
		{F9521330-6DE3-4A58-B9C4-5C707F7308C4}.Release|Any CPU.Build.0 = Release|Any CPU
		{3DDE005D-12BB-4712-8484-00F570CAFB5D}.Debug|Any CPU.ActiveCfg = Debug|Any CPU
		{3DDE005D-12BB-4712-8484-00F570CAFB5D}.Debug|Any CPU.Build.0 = Debug|Any CPU
		{3DDE005D-12BB-4712-8484-00F570CAFB5D}.Release|Any CPU.ActiveCfg = Release|Any CPU
		{3DDE005D-12BB-4712-8484-00F570CAFB5D}.Release|Any CPU.Build.0 = Release|Any CPU
		{153179D7-6292-4F4D-87E7-8B15C85E4AF5}.Debug|Any CPU.ActiveCfg = Debug|Any CPU
		{153179D7-6292-4F4D-87E7-8B15C85E4AF5}.Debug|Any CPU.Build.0 = Debug|Any CPU
		{153179D7-6292-4F4D-87E7-8B15C85E4AF5}.Release|Any CPU.ActiveCfg = Release|Any CPU
		{153179D7-6292-4F4D-87E7-8B15C85E4AF5}.Release|Any CPU.Build.0 = Release|Any CPU
		{D236F35B-A11C-4045-83A1-2B58D8FBF9B6}.Debug|Any CPU.ActiveCfg = Debug|Any CPU
		{D236F35B-A11C-4045-83A1-2B58D8FBF9B6}.Debug|Any CPU.Build.0 = Debug|Any CPU
		{D236F35B-A11C-4045-83A1-2B58D8FBF9B6}.Release|Any CPU.ActiveCfg = Release|Any CPU
		{D236F35B-A11C-4045-83A1-2B58D8FBF9B6}.Release|Any CPU.Build.0 = Release|Any CPU
		{F08B58A7-0818-41CC-BE88-98BB7C7A6C3D}.Debug|Any CPU.ActiveCfg = Debug|Any CPU
		{F08B58A7-0818-41CC-BE88-98BB7C7A6C3D}.Debug|Any CPU.Build.0 = Debug|Any CPU
		{F08B58A7-0818-41CC-BE88-98BB7C7A6C3D}.Release|Any CPU.ActiveCfg = Release|Any CPU
		{F08B58A7-0818-41CC-BE88-98BB7C7A6C3D}.Release|Any CPU.Build.0 = Release|Any CPU
	EndGlobalSection
	GlobalSection(NestedProjects) = preSolution
		{D0FA8530-7C60-494D-ADF6-9174DF403A18} = {848E569F-346D-4493-8F9B-55B88532C6A8}
		{8E8C65F0-41EC-41A6-8A18-1F6A794501F7} = {848E569F-346D-4493-8F9B-55B88532C6A8}
		{F9521330-6DE3-4A58-B9C4-5C707F7308C4} = {848E569F-346D-4493-8F9B-55B88532C6A8}
		{3DDE005D-12BB-4712-8484-00F570CAFB5D} = {848E569F-346D-4493-8F9B-55B88532C6A8}
		{153179D7-6292-4F4D-87E7-8B15C85E4AF5} = {848E569F-346D-4493-8F9B-55B88532C6A8}
		{D236F35B-A11C-4045-83A1-2B58D8FBF9B6} = {848E569F-346D-4493-8F9B-55B88532C6A8}
		{F08B58A7-0818-41CC-BE88-98BB7C7A6C3D} = {848E569F-346D-4493-8F9B-55B88532C6A8}
	EndGlobalSection
EndGlobal
